
Microsoft Visual Studio Solution File, Format Version 12.00
# Visual Studio Version 16
VisualStudioVersion = 16.0.31624.102
MinimumVisualStudioVersion = 10.0.40219.1
Project("{FAE04EC0-301F-11D3-BF4B-00C04F79EFBC}") = "Classwork_3", "Classwork_3\Classwork_3.csproj", "{AFFD5203-476E-4456-B6BA-D0F82A28F7C4}"
EndProject
Project("{FAE04EC0-301F-11D3-BF4B-00C04F79EFBC}") = "Homework_file", "Homework_file\Homework_file.csproj", "{7D695E19-48EB-4457-88CA-F20B33B2C33B}"
EndProject
Project("{FAE04EC0-301F-11D3-BF4B-00C04F79EFBC}") = "homework_metodichka", "homework_metodichka\homework_metodichka.csproj", "{2F99E9F3-6419-41A3-AA00-261F6AFD3A14}"
EndProject
Global
	GlobalSection(SolutionConfigurationPlatforms) = preSolution
		Debug|Any CPU = Debug|Any CPU
		Release|Any CPU = Release|Any CPU
	EndGlobalSection
	GlobalSection(ProjectConfigurationPlatforms) = postSolution
		{AFFD5203-476E-4456-B6BA-D0F82A28F7C4}.Debug|Any CPU.ActiveCfg = Debug|Any CPU
		{AFFD5203-476E-4456-B6BA-D0F82A28F7C4}.Debug|Any CPU.Build.0 = Debug|Any CPU
		{AFFD5203-476E-4456-B6BA-D0F82A28F7C4}.Release|Any CPU.ActiveCfg = Release|Any CPU
		{AFFD5203-476E-4456-B6BA-D0F82A28F7C4}.Release|Any CPU.Build.0 = Release|Any CPU
		{7D695E19-48EB-4457-88CA-F20B33B2C33B}.Debug|Any CPU.ActiveCfg = Debug|Any CPU
		{7D695E19-48EB-4457-88CA-F20B33B2C33B}.Debug|Any CPU.Build.0 = Debug|Any CPU
		{7D695E19-48EB-4457-88CA-F20B33B2C33B}.Release|Any CPU.ActiveCfg = Release|Any CPU
		{7D695E19-48EB-4457-88CA-F20B33B2C33B}.Release|Any CPU.Build.0 = Release|Any CPU
		{2F99E9F3-6419-41A3-AA00-261F6AFD3A14}.Debug|Any CPU.ActiveCfg = Debug|Any CPU
		{2F99E9F3-6419-41A3-AA00-261F6AFD3A14}.Debug|Any CPU.Build.0 = Debug|Any CPU
		{2F99E9F3-6419-41A3-AA00-261F6AFD3A14}.Release|Any CPU.ActiveCfg = Release|Any CPU
		{2F99E9F3-6419-41A3-AA00-261F6AFD3A14}.Release|Any CPU.Build.0 = Release|Any CPU
	EndGlobalSection
	GlobalSection(SolutionProperties) = preSolution
		HideSolutionNode = FALSE
	EndGlobalSection
	GlobalSection(ExtensibilityGlobals) = postSolution
		SolutionGuid = {67299585-6157-4CA4-9600-40D0BD762518}
	EndGlobalSection
EndGlobal
